// !$*UTF8*$!
{
	archiveVersion = 1;
	classes = {
	};
	objectVersion = 46;
	objects = {

/* Begin PBXBuildFile section */
		192EF773DC66BDFD9B76A93B /* Pods_ChatWithFirebaseDemo.framework in Frameworks */ = {isa = PBXBuildFile; fileRef = 55A2B24E1161EC824702FA7F /* Pods_ChatWithFirebaseDemo.framework */; };
		F030C80C1E724DC1008C85C1 /* AppDelegate.swift in Sources */ = {isa = PBXBuildFile; fileRef = F030C80B1E724DC1008C85C1 /* AppDelegate.swift */; };
		F030C8111E724DC1008C85C1 /* Main.storyboard in Resources */ = {isa = PBXBuildFile; fileRef = F030C80F1E724DC1008C85C1 /* Main.storyboard */; };
		F030C8131E724DC1008C85C1 /* Assets.xcassets in Resources */ = {isa = PBXBuildFile; fileRef = F030C8121E724DC1008C85C1 /* Assets.xcassets */; };
		F030C8161E724DC1008C85C1 /* LaunchScreen.storyboard in Resources */ = {isa = PBXBuildFile; fileRef = F030C8141E724DC1008C85C1 /* LaunchScreen.storyboard */; };
		F030C81E1E7253C6008C85C1 /* GoogleService-Info.plist in Resources */ = {isa = PBXBuildFile; fileRef = F030C81D1E7253C6008C85C1 /* GoogleService-Info.plist */; };
		F030C8241E725DA2008C85C1 /* ChannelsListViewController.swift in Sources */ = {isa = PBXBuildFile; fileRef = F030C8231E725DA2008C85C1 /* ChannelsListViewController.swift */; };
/* End PBXBuildFile section */

/* Begin PBXFileReference section */
		4D370FB2D77C0AAA9226220C /* Pods-ChatWithFirebaseDemo.debug.xcconfig */ = {isa = PBXFileReference; includeInIndex = 1; lastKnownFileType = text.xcconfig; name = "Pods-ChatWithFirebaseDemo.debug.xcconfig"; path = "Pods/Target Support Files/Pods-ChatWithFirebaseDemo/Pods-ChatWithFirebaseDemo.debug.xcconfig"; sourceTree = "<group>"; };
		55A2B24E1161EC824702FA7F /* Pods_ChatWithFirebaseDemo.framework */ = {isa = PBXFileReference; explicitFileType = wrapper.framework; includeInIndex = 0; path = Pods_ChatWithFirebaseDemo.framework; sourceTree = BUILT_PRODUCTS_DIR; };
		D60D1F70538A6E03DCBB77E5 /* Pods-ChatWithFirebaseDemo.release.xcconfig */ = {isa = PBXFileReference; includeInIndex = 1; lastKnownFileType = text.xcconfig; name = "Pods-ChatWithFirebaseDemo.release.xcconfig"; path = "Pods/Target Support Files/Pods-ChatWithFirebaseDemo/Pods-ChatWithFirebaseDemo.release.xcconfig"; sourceTree = "<group>"; };
		F030C8081E724DC1008C85C1 /* ChatWithFirebaseDemo.app */ = {isa = PBXFileReference; explicitFileType = wrapper.application; includeInIndex = 0; path = ChatWithFirebaseDemo.app; sourceTree = BUILT_PRODUCTS_DIR; };
		F030C80B1E724DC1008C85C1 /* AppDelegate.swift */ = {isa = PBXFileReference; lastKnownFileType = sourcecode.swift; path = AppDelegate.swift; sourceTree = "<group>"; };
		F030C8101E724DC1008C85C1 /* Base */ = {isa = PBXFileReference; lastKnownFileType = file.storyboard; name = Base; path = Base.lproj/Main.storyboard; sourceTree = "<group>"; };
		F030C8121E724DC1008C85C1 /* Assets.xcassets */ = {isa = PBXFileReference; lastKnownFileType = folder.assetcatalog; path = Assets.xcassets; sourceTree = "<group>"; };
		F030C8151E724DC1008C85C1 /* Base */ = {isa = PBXFileReference; lastKnownFileType = file.storyboard; name = Base; path = Base.lproj/LaunchScreen.storyboard; sourceTree = "<group>"; };
		F030C8171E724DC1008C85C1 /* Info.plist */ = {isa = PBXFileReference; lastKnownFileType = text.plist.xml; path = Info.plist; sourceTree = "<group>"; };
		F030C81D1E7253C6008C85C1 /* GoogleService-Info.plist */ = {isa = PBXFileReference; fileEncoding = 4; lastKnownFileType = text.plist.xml; path = "GoogleService-Info.plist"; sourceTree = "<group>"; };
		F030C8231E725DA2008C85C1 /* ChannelsListViewController.swift */ = {isa = PBXFileReference; fileEncoding = 4; lastKnownFileType = sourcecode.swift; path = ChannelsListViewController.swift; sourceTree = "<group>"; };
/* End PBXFileReference section */

/* Begin PBXFrameworksBuildPhase section */
		F030C8051E724DC0008C85C1 /* Frameworks */ = {
			isa = PBXFrameworksBuildPhase;
			buildActionMask = 2147483647;
			files = (
				192EF773DC66BDFD9B76A93B /* Pods_ChatWithFirebaseDemo.framework in Frameworks */,
			);
			runOnlyForDeploymentPostprocessing = 0;
		};
/* End PBXFrameworksBuildPhase section */

/* Begin PBXGroup section */
		7DE83A10A989539DCC64BFE0 /* Pods */ = {
			isa = PBXGroup;
			children = (
				4D370FB2D77C0AAA9226220C /* Pods-ChatWithFirebaseDemo.debug.xcconfig */,
				D60D1F70538A6E03DCBB77E5 /* Pods-ChatWithFirebaseDemo.release.xcconfig */,
			);
			name = Pods;
			sourceTree = "<group>";
		};
		A0E7E4B145C15A8A34D81E2F /* Frameworks */ = {
			isa = PBXGroup;
			children = (
				55A2B24E1161EC824702FA7F /* Pods_ChatWithFirebaseDemo.framework */,
			);
			name = Frameworks;
			sourceTree = "<group>";
		};
		F030C7FF1E724DC0008C85C1 = {
			isa = PBXGroup;
			children = (
				F030C80A1E724DC1008C85C1 /* ChatWithFirebaseDemo */,
				F030C8091E724DC1008C85C1 /* Products */,
				7DE83A10A989539DCC64BFE0 /* Pods */,
				A0E7E4B145C15A8A34D81E2F /* Frameworks */,
			);
			sourceTree = "<group>";
		};
		F030C8091E724DC1008C85C1 /* Products */ = {
			isa = PBXGroup;
			children = (
				F030C8081E724DC1008C85C1 /* ChatWithFirebaseDemo.app */,
			);
			name = Products;
			sourceTree = "<group>";
		};
		F030C80A1E724DC1008C85C1 /* ChatWithFirebaseDemo */ = {
			isa = PBXGroup;
			children = (
				F030C8201E725D2E008C85C1 /* Assets */,
				F030C8211E725D38008C85C1 /* Layout */,
				F030C8221E725D46008C85C1 /* Controller */,
				F030C81F1E725405008C85C1 /* Supporting Files */,
			);
			path = ChatWithFirebaseDemo;
			sourceTree = "<group>";
		};
		F030C81F1E725405008C85C1 /* Supporting Files */ = {
			isa = PBXGroup;
			children = (
				F030C8141E724DC1008C85C1 /* LaunchScreen.storyboard */,
				F030C80B1E724DC1008C85C1 /* AppDelegate.swift */,
				F030C8171E724DC1008C85C1 /* Info.plist */,
				F030C81D1E7253C6008C85C1 /* GoogleService-Info.plist */,
			);
			name = "Supporting Files";
			sourceTree = "<group>";
		};
		F030C8201E725D2E008C85C1 /* Assets */ = {
			isa = PBXGroup;
			children = (
				F030C8121E724DC1008C85C1 /* Assets.xcassets */,
			);
			name = Assets;
			sourceTree = "<group>";
		};
		F030C8211E725D38008C85C1 /* Layout */ = {
			isa = PBXGroup;
			children = (
				F030C80F1E724DC1008C85C1 /* Main.storyboard */,
			);
			name = Layout;
			sourceTree = "<group>";
		};
		F030C8221E725D46008C85C1 /* Controller */ = {
			isa = PBXGroup;
			children = (
				F030C8231E725DA2008C85C1 /* ChannelsListViewController.swift */,
			);
			path = Controller;
			sourceTree = "<group>";
		};
/* End PBXGroup section */

/* Begin PBXNativeTarget section */
		F030C8071E724DC0008C85C1 /* ChatWithFirebaseDemo */ = {
			isa = PBXNativeTarget;
			buildConfigurationList = F030C81A1E724DC1008C85C1 /* Build configuration list for PBXNativeTarget "ChatWithFirebaseDemo" */;
			buildPhases = (
				1785B1FA137593607FC1135B /* [CP] Check Pods Manifest.lock */,
				F030C8041E724DC0008C85C1 /* Sources */,
				F030C8051E724DC0008C85C1 /* Frameworks */,
				F030C8061E724DC0008C85C1 /* Resources */,
				604E06686ADE15D80969F50C /* [CP] Embed Pods Frameworks */,
				DE5E5F3FEDE93E4FAD11F003 /* [CP] Copy Pods Resources */,
			);
			buildRules = (
			);
			dependencies = (
			);
			name = ChatWithFirebaseDemo;
			productName = ChatWithFirebaseDemo;
			productReference = F030C8081E724DC1008C85C1 /* ChatWithFirebaseDemo.app */;
			productType = "com.apple.product-type.application";
		};
/* End PBXNativeTarget section */

/* Begin PBXProject section */
		F030C8001E724DC0008C85C1 /* Project object */ = {
			isa = PBXProject;
			attributes = {
				LastSwiftUpdateCheck = 0820;
				LastUpgradeCheck = 0820;
				ORGANIZATIONNAME = FameSprinter;
				TargetAttributes = {
					F030C8071E724DC0008C85C1 = {
						CreatedOnToolsVersion = 8.2.1;
						DevelopmentTeam = 2P34PPMK7A;
						ProvisioningStyle = Automatic;
					};
				};
			};
			buildConfigurationList = F030C8031E724DC0008C85C1 /* Build configuration list for PBXProject "ChatWithFirebaseDemo" */;
			compatibilityVersion = "Xcode 3.2";
			developmentRegion = English;
			hasScannedForEncodings = 0;
			knownRegions = (
				en,
				Base,
			);
			mainGroup = F030C7FF1E724DC0008C85C1;
			productRefGroup = F030C8091E724DC1008C85C1 /* Products */;
			projectDirPath = "";
			projectRoot = "";
			targets = (
				F030C8071E724DC0008C85C1 /* ChatWithFirebaseDemo */,
			);
		};
/* End PBXProject section */

/* Begin PBXResourcesBuildPhase section */
		F030C8061E724DC0008C85C1 /* Resources */ = {
			isa = PBXResourcesBuildPhase;
			buildActionMask = 2147483647;
			files = (
				F030C8161E724DC1008C85C1 /* LaunchScreen.storyboard in Resources */,
				F030C81E1E7253C6008C85C1 /* GoogleService-Info.plist in Resources */,
				F030C8131E724DC1008C85C1 /* Assets.xcassets in Resources */,
				F030C8111E724DC1008C85C1 /* Main.storyboard in Resources */,
			);
			runOnlyForDeploymentPostprocessing = 0;
		};
/* End PBXResourcesBuildPhase section */

/* Begin PBXShellScriptBuildPhase section */
		1785B1FA137593607FC1135B /* [CP] Check Pods Manifest.lock */ = {
			isa = PBXShellScriptBuildPhase;
			buildActionMask = 2147483647;
			files = (
			);
			inputPaths = (
			);
			name = "[CP] Check Pods Manifest.lock";
			outputPaths = (
			);
			runOnlyForDeploymentPostprocessing = 0;
			shellPath = /bin/sh;
			shellScript = "diff \"${PODS_ROOT}/../Podfile.lock\" \"${PODS_ROOT}/Manifest.lock\" > /dev/null\nif [ $? != 0 ] ; then\n    # print error to STDERR\n    echo \"error: The sandbox is not in sync with the Podfile.lock. Run 'pod install' or update your CocoaPods installation.\" >&2\n    exit 1\nfi\n";
			showEnvVarsInLog = 0;
		};
		604E06686ADE15D80969F50C /* [CP] Embed Pods Frameworks */ = {
			isa = PBXShellScriptBuildPhase;
			buildActionMask = 2147483647;
			files = (
			);
			inputPaths = (
			);
			name = "[CP] Embed Pods Frameworks";
			outputPaths = (
			);
			runOnlyForDeploymentPostprocessing = 0;
			shellPath = /bin/sh;
			shellScript = "\"${SRCROOT}/Pods/Target Support Files/Pods-ChatWithFirebaseDemo/Pods-ChatWithFirebaseDemo-frameworks.sh\"\n";
			showEnvVarsInLog = 0;
		};
		DE5E5F3FEDE93E4FAD11F003 /* [CP] Copy Pods Resources */ = {
			isa = PBXShellScriptBuildPhase;
			buildActionMask = 2147483647;
			files = (
			);
			inputPaths = (
			);
			name = "[CP] Copy Pods Resources";
			outputPaths = (
			);
			runOnlyForDeploymentPostprocessing = 0;
			shellPath = /bin/sh;
			shellScript = "\"${SRCROOT}/Pods/Target Support Files/Pods-ChatWithFirebaseDemo/Pods-ChatWithFirebaseDemo-resources.sh\"\n";
			showEnvVarsInLog = 0;
		};
/* End PBXShellScriptBuildPhase section */

/* Begin PBXSourcesBuildPhase section */
		F030C8041E724DC0008C85C1 /* Sources */ = {
			isa = PBXSourcesBuildPhase;
			buildActionMask = 2147483647;
			files = (
				F030C8241E725DA2008C85C1 /* ChannelsListViewController.swift in Sources */,
				F030C80C1E724DC1008C85C1 /* AppDelegate.swift in Sources */,
			);
			runOnlyForDeploymentPostprocessing = 0;
		};
/* End PBXSourcesBuildPhase section */

/* Begin PBXVariantGroup section */
		F030C80F1E724DC1008C85C1 /* Main.storyboard */ = {
			isa = PBXVariantGroup;
			children = (
				F030C8101E724DC1008C85C1 /* Base */,
			);
			name = Main.storyboard;
			sourceTree = "<group>";
		};
		F030C8141E724DC1008C85C1 /* LaunchScreen.storyboard */ = {
			isa = PBXVariantGroup;
			children = (
				F030C8151E724DC1008C85C1 /* Base */,
			);
			name = LaunchScreen.storyboard;
			sourceTree = "<group>";
		};
/* End PBXVariantGroup section */

/* Begin XCBuildConfiguration section */
		F030C8181E724DC1008C85C1 /* Debug */ = {
			isa = XCBuildConfiguration;
			buildSettings = {
				ALWAYS_SEARCH_USER_PATHS = NO;
				CLANG_ANALYZER_NONNULL = YES;
				CLANG_CXX_LANGUAGE_STANDARD = "gnu++0x";
				CLANG_CXX_LIBRARY = "libc++";
				CLANG_ENABLE_MODULES = YES;
				CLANG_ENABLE_OBJC_ARC = YES;
				CLANG_WARN_BOOL_CONVERSION = YES;
				CLANG_WARN_CONSTANT_CONVERSION = YES;
				CLANG_WARN_DIRECT_OBJC_ISA_USAGE = YES_ERROR;
				CLANG_WARN_DOCUMENTATION_COMMENTS = YES;
				CLANG_WARN_EMPTY_BODY = YES;
				CLANG_WARN_ENUM_CONVERSION = YES;
				CLANG_WARN_INFINITE_RECURSION = YES;
				CLANG_WARN_INT_CONVERSION = YES;
				CLANG_WARN_OBJC_ROOT_CLASS = YES_ERROR;
				CLANG_WARN_SUSPICIOUS_MOVE = YES;
				CLANG_WARN_UNREACHABLE_CODE = YES;
				CLANG_WARN__DUPLICATE_METHOD_MATCH = YES;
				"CODE_SIGN_IDENTITY[sdk=iphoneos*]" = "iPhone Developer";
				COPY_PHASE_STRIP = NO;
				DEBUG_INFORMATION_FORMAT = dwarf;
				ENABLE_STRICT_OBJC_MSGSEND = YES;
				ENABLE_TESTABILITY = YES;
				GCC_C_LANGUAGE_STANDARD = gnu99;
				GCC_DYNAMIC_NO_PIC = NO;
				GCC_NO_COMMON_BLOCKS = YES;
				GCC_OPTIMIZATION_LEVEL = 0;
				GCC_PREPROCESSOR_DEFINITIONS = (
					"DEBUG=1",
					"$(inherited)",
				);
				GCC_WARN_64_TO_32_BIT_CONVERSION = YES;
				GCC_WARN_ABOUT_RETURN_TYPE = YES_ERROR;
				GCC_WARN_UNDECLARED_SELECTOR = YES;
				GCC_WARN_UNINITIALIZED_AUTOS = YES_AGGRESSIVE;
				GCC_WARN_UNUSED_FUNCTION = YES;
				GCC_WARN_UNUSED_VARIABLE = YES;
				IPHONEOS_DEPLOYMENT_TARGET = 9.0;
				MTL_ENABLE_DEBUG_INFO = YES;
				ONLY_ACTIVE_ARCH = YES;
				SDKROOT = iphoneos;
				SWIFT_ACTIVE_COMPILATION_CONDITIONS = DEBUG;
				SWIFT_OPTIMIZATION_LEVEL = "-Onone";
			};
			name = Debug;
		};
		F030C8191E724DC1008C85C1 /* Release */ = {
			isa = XCBuildConfiguration;
			buildSettings = {
				ALWAYS_SEARCH_USER_PATHS = NO;
				CLANG_ANALYZER_NONNULL = YES;
				CLANG_CXX_LANGUAGE_STANDARD = "gnu++0x";
				CLANG_CXX_LIBRARY = "libc++";
				CLANG_ENABLE_MODULES = YES;
				CLANG_ENABLE_OBJC_ARC = YES;
				CLANG_WARN_BOOL_CONVERSION = YES;
				CLANG_WARN_CONSTANT_CONVERSION = YES;
				CLANG_WARN_DIRECT_OBJC_ISA_USAGE = YES_ERROR;
				CLANG_WARN_DOCUMENTATION_COMMENTS = YES;
				CLANG_WARN_EMPTY_BODY = YES;
				CLANG_WARN_ENUM_CONVERSION = YES;
				CLANG_WARN_INFINITE_RECURSION = YES;
				CLANG_WARN_INT_CONVERSION = YES;
				CLANG_WARN_OBJC_ROOT_CLASS = YES_ERROR;
				CLANG_WARN_SUSPICIOUS_MOVE = YES;
				CLANG_WARN_UNREACHABLE_CODE = YES;
				CLANG_WARN__DUPLICATE_METHOD_MATCH = YES;
				"CODE_SIGN_IDENTITY[sdk=iphoneos*]" = "iPhone Developer";
				COPY_PHASE_STRIP = NO;
				DEBUG_INFORMATION_FORMAT = "dwarf-with-dsym";
				ENABLE_NS_ASSERTIONS = NO;
				ENABLE_STRICT_OBJC_MSGSEND = YES;
				GCC_C_LANGUAGE_STANDARD = gnu99;
				GCC_NO_COMMON_BLOCKS = YES;
				GCC_WARN_64_TO_32_BIT_CONVERSION = YES;
				GCC_WARN_ABOUT_RETURN_TYPE = YES_ERROR;
				GCC_WARN_UNDECLARED_SELECTOR = YES;
				GCC_WARN_UNINITIALIZED_AUTOS = YES_AGGRESSIVE;
				GCC_WARN_UNUSED_FUNCTION = YES;
				GCC_WARN_UNUSED_VARIABLE = YES;
				IPHONEOS_DEPLOYMENT_TARGET = 9.0;
				MTL_ENABLE_DEBUG_INFO = NO;
				SDKROOT = iphoneos;
				SWIFT_OPTIMIZATION_LEVEL = "-Owholemodule";
				VALIDATE_PRODUCT = YES;
			};
			name = Release;
		};
		F030C81B1E724DC1008C85C1 /* Debug */ = {
			isa = XCBuildConfiguration;
			baseConfigurationReference = 4D370FB2D77C0AAA9226220C /* Pods-ChatWithFirebaseDemo.debug.xcconfig */;
			buildSettings = {
				ASSETCATALOG_COMPILER_APPICON_NAME = AppIcon;
				DEVELOPMENT_TEAM = 2P34PPMK7A;
				INFOPLIST_FILE = ChatWithFirebaseDemo/Info.plist;
				LD_RUNPATH_SEARCH_PATHS = "$(inherited) @executable_path/Frameworks";
				PRODUCT_BUNDLE_IDENTIFIER = KR.FameSprinter.ChatWithFirebaseDemo;
				PRODUCT_NAME = "$(TARGET_NAME)";
				SWIFT_VERSION = 3.0;
			};
			name = Debug;
		};
		F030C81C1E724DC1008C85C1 /* Release */ = {
			isa = XCBuildConfiguration;
			baseConfigurationReference = D60D1F70538A6E03DCBB77E5 /* Pods-ChatWithFirebaseDemo.release.xcconfig */;
			buildSettings = {
				ASSETCATALOG_COMPILER_APPICON_NAME = AppIcon;
				DEVELOPMENT_TEAM = 2P34PPMK7A;
				INFOPLIST_FILE = ChatWithFirebaseDemo/Info.plist;
				LD_RUNPATH_SEARCH_PATHS = "$(inherited) @executable_path/Frameworks";
				PRODUCT_BUNDLE_IDENTIFIER = KR.FameSprinter.ChatWithFirebaseDemo;
				PRODUCT_NAME = "$(TARGET_NAME)";
				SWIFT_VERSION = 3.0;
			};
			name = Release;
		};
/* End XCBuildConfiguration section */

/* Begin XCConfigurationList section */
		F030C8031E724DC0008C85C1 /* Build configuration list for PBXProject "ChatWithFirebaseDemo" */ = {
			isa = XCConfigurationList;
			buildConfigurations = (
				F030C8181E724DC1008C85C1 /* Debug */,
				F030C8191E724DC1008C85C1 /* Release */,
			);
			defaultConfigurationIsVisible = 0;
			defaultConfigurationName = Release;
		};
		F030C81A1E724DC1008C85C1 /* Build configuration list for PBXNativeTarget "ChatWithFirebaseDemo" */ = {
			isa = XCConfigurationList;
			buildConfigurations = (
				F030C81B1E724DC1008C85C1 /* Debug */,
				F030C81C1E724DC1008C85C1 /* Release */,
			);
			defaultConfigurationIsVisible = 0;
			defaultConfigurationName = Release;
		};
/* End XCConfigurationList section */
	};
	rootObject = F030C8001E724DC0008C85C1 /* Project object */;
}
