// !$*UTF8*$!
{
	archiveVersion = 1;
	classes = {
	};
	objectVersion = 46;
	objects = {

/* Begin PBXBuildFile section */
		F030C80C1E724DC1008C85C1 /* AppDelegate.swift in Sources */ = {isa = PBXBuildFile; fileRef = F030C80B1E724DC1008C85C1 /* AppDelegate.swift */; };
		F030C80E1E724DC1008C85C1 /* ViewController.swift in Sources */ = {isa = PBXBuildFile; fileRef = F030C80D1E724DC1008C85C1 /* ViewController.swift */; };
		F030C8111E724DC1008C85C1 /* Main.storyboard in Resources */ = {isa = PBXBuildFile; fileRef = F030C80F1E724DC1008C85C1 /* Main.storyboard */; };
		F030C8131E724DC1008C85C1 /* Assets.xcassets in Resources */ = {isa = PBXBuildFile; fileRef = F030C8121E724DC1008C85C1 /* Assets.xcassets */; };
		F030C8161E724DC1008C85C1 /* LaunchScreen.storyboard in Resources */ = {isa = PBXBuildFile; fileRef = F030C8141E724DC1008C85C1 /* LaunchScreen.storyboard */; };
/* End PBXBuildFile section */

/* Begin PBXFileReference section */
		F030C8081E724DC1008C85C1 /* ChatWithFirebaseDemo.app */ = {isa = PBXFileReference; explicitFileType = wrapper.application; includeInIndex = 0; path = ChatWithFirebaseDemo.app; sourceTree = BUILT_PRODUCTS_DIR; };
		F030C80B1E724DC1008C85C1 /* AppDelegate.swift */ = {isa = PBXFileReference; lastKnownFileType = sourcecode.swift; path = AppDelegate.swift; sourceTree = "<group>"; };
		F030C80D1E724DC1008C85C1 /* ViewController.swift */ = {isa = PBXFileReference; lastKnownFileType = sourcecode.swift; path = ViewController.swift; sourceTree = "<group>"; };
		F030C8101E724DC1008C85C1 /* Base */ = {isa = PBXFileReference; lastKnownFileType = file.storyboard; name = Base; path = Base.lproj/Main.storyboard; sourceTree = "<group>"; };
		F030C8121E724DC1008C85C1 /* Assets.xcassets */ = {isa = PBXFileReference; lastKnownFileType = folder.assetcatalog; path = Assets.xcassets; sourceTree = "<group>"; };
		F030C8151E724DC1008C85C1 /* Base */ = {isa = PBXFileReference; lastKnownFileType = file.storyboard; name = Base; path = Base.lproj/LaunchScreen.storyboard; sourceTree = "<group>"; };
		F030C8171E724DC1008C85C1 /* Info.plist */ = {isa = PBXFileReference; lastKnownFileType = text.plist.xml; path = Info.plist; sourceTree = "<group>"; };
/* End PBXFileReference section */

/* Begin PBXFrameworksBuildPhase section */
		F030C8051E724DC0008C85C1 /* Frameworks */ = {
			isa = PBXFrameworksBuildPhase;
			buildActionMask = 2147483647;
			files = (
			);
			runOnlyForDeploymentPostprocessing = 0;
		};
/* End PBXFrameworksBuildPhase section */

/* Begin PBXGroup section */
		F030C7FF1E724DC0008C85C1 = {
			isa = PBXGroup;
			children = (
				F030C80A1E724DC1008C85C1 /* ChatWithFirebaseDemo */,
				F030C8091E724DC1008C85C1 /* Products */,
			);
			sourceTree = "<group>";
		};
		F030C8091E724DC1008C85C1 /* Products */ = {
			isa = PBXGroup;
			children = (
				F030C8081E724DC1008C85C1 /* ChatWithFirebaseDemo.app */,
			);
			name = Products;
			sourceTree = "<group>";
		};
		F030C80A1E724DC1008C85C1 /* ChatWithFirebaseDemo */ = {
			isa = PBXGroup;
			children = (
				F030C80B1E724DC1008C85C1 /* AppDelegate.swift */,
				F030C80D1E724DC1008C85C1 /* ViewController.swift */,
				F030C80F1E724DC1008C85C1 /* Main.storyboard */,
				F030C8121E724DC1008C85C1 /* Assets.xcassets */,
				F030C8141E724DC1008C85C1 /* LaunchScreen.storyboard */,
				F030C8171E724DC1008C85C1 /* Info.plist */,
			);
			path = ChatWithFirebaseDemo;
			sourceTree = "<group>";
		};
/* End PBXGroup section */

/* Begin PBXNativeTarget section */
		F030C8071E724DC0008C85C1 /* ChatWithFirebaseDemo */ = {
			isa = PBXNativeTarget;
			buildConfigurationList = F030C81A1E724DC1008C85C1 /* Build configuration list for PBXNativeTarget "ChatWithFirebaseDemo" */;
			buildPhases = (
				F030C8041E724DC0008C85C1 /* Sources */,
				F030C8051E724DC0008C85C1 /* Frameworks */,
				F030C8061E724DC0008C85C1 /* Resources */,
			);
			buildRules = (
			);
			dependencies = (
			);
			name = ChatWithFirebaseDemo;
			productName = ChatWithFirebaseDemo;
			productReference = F030C8081E724DC1008C85C1 /* ChatWithFirebaseDemo.app */;
			productType = "com.apple.product-type.application";
		};
/* End PBXNativeTarget section */

/* Begin PBXProject section */
		F030C8001E724DC0008C85C1 /* Project object */ = {
			isa = PBXProject;
			attributes = {
				LastSwiftUpdateCheck = 0820;
				LastUpgradeCheck = 0820;
				ORGANIZATIONNAME = FameSprinter;
				TargetAttributes = {
					F030C8071E724DC0008C85C1 = {
						CreatedOnToolsVersion = 8.2.1;
						DevelopmentTeam = 2P34PPMK7A;
						ProvisioningStyle = Automatic;
					};
				};
			};
			buildConfigurationList = F030C8031E724DC0008C85C1 /* Build configuration list for PBXProject "ChatWithFirebaseDemo" */;
			compatibilityVersion = "Xcode 3.2";
			developmentRegion = English;
			hasScannedForEncodings = 0;
			knownRegions = (
				en,
				Base,
			);
			mainGroup = F030C7FF1E724DC0008C85C1;
			productRefGroup = F030C8091E724DC1008C85C1 /* Products */;
			projectDirPath = "";
			projectRoot = "";
			targets = (
				F030C8071E724DC0008C85C1 /* ChatWithFirebaseDemo */,
			);
		};
/* End PBXProject section */

/* Begin PBXResourcesBuildPhase section */
		F030C8061E724DC0008C85C1 /* Resources */ = {
			isa = PBXResourcesBuildPhase;
			buildActionMask = 2147483647;
			files = (
				F030C8161E724DC1008C85C1 /* LaunchScreen.storyboard in Resources */,
				F030C8131E724DC1008C85C1 /* Assets.xcassets in Resources */,
				F030C8111E724DC1008C85C1 /* Main.storyboard in Resources */,
			);
			runOnlyForDeploymentPostprocessing = 0;
		};
/* End PBXResourcesBuildPhase section */

/* Begin PBXSourcesBuildPhase section */
		F030C8041E724DC0008C85C1 /* Sources */ = {
			isa = PBXSourcesBuildPhase;
			buildActionMask = 2147483647;
			files = (
				F030C80E1E724DC1008C85C1 /* ViewController.swift in Sources */,
				F030C80C1E724DC1008C85C1 /* AppDelegate.swift in Sources */,
			);
			runOnlyForDeploymentPostprocessing = 0;
		};
/* End PBXSourcesBuildPhase section */

/* Begin PBXVariantGroup section */
		F030C80F1E724DC1008C85C1 /* Main.storyboard */ = {
			isa = PBXVariantGroup;
			children = (
				F030C8101E724DC1008C85C1 /* Base */,
			);
			name = Main.storyboard;
			sourceTree = "<group>";
		};
		F030C8141E724DC1008C85C1 /* LaunchScreen.storyboard */ = {
			isa = PBXVariantGroup;
			children = (
				F030C8151E724DC1008C85C1 /* Base */,
			);
			name = LaunchScreen.storyboard;
			sourceTree = "<group>";
		};
/* End PBXVariantGroup section */

/* Begin XCBuildConfiguration section */
		F030C8181E724DC1008C85C1 /* Debug */ = {
			isa = XCBuildConfiguration;
			buildSettings = {
				ALWAYS_SEARCH_USER_PATHS = NO;
				CLANG_ANALYZER_NONNULL = YES;
				CLANG_CXX_LANGUAGE_STANDARD = "gnu++0x";
				CLANG_CXX_LIBRARY = "libc++";
				CLANG_ENABLE_MODULES = YES;
				CLANG_ENABLE_OBJC_ARC = YES;
				CLANG_WARN_BOOL_CONVERSION = YES;
				CLANG_WARN_CONSTANT_CONVERSION = YES;
				CLANG_WARN_DIRECT_OBJC_ISA_USAGE = YES_ERROR;
				CLANG_WARN_DOCUMENTATION_COMMENTS = YES;
				CLANG_WARN_EMPTY_BODY = YES;
				CLANG_WARN_ENUM_CONVERSION = YES;
				CLANG_WARN_INFINITE_RECURSION = YES;
				CLANG_WARN_INT_CONVERSION = YES;
				CLANG_WARN_OBJC_ROOT_CLASS = YES_ERROR;
				CLANG_WARN_SUSPICIOUS_MOVE = YES;
				CLANG_WARN_UNREACHABLE_CODE = YES;
				CLANG_WARN__DUPLICATE_METHOD_MATCH = YES;
				"CODE_SIGN_IDENTITY[sdk=iphoneos*]" = "iPhone Developer";
				COPY_PHASE_STRIP = NO;
				DEBUG_INFORMATION_FORMAT = dwarf;
				ENABLE_STRICT_OBJC_MSGSEND = YES;
				ENABLE_TESTABILITY = YES;
				GCC_C_LANGUAGE_STANDARD = gnu99;
				GCC_DYNAMIC_NO_PIC = NO;
				GCC_NO_COMMON_BLOCKS = YES;
				GCC_OPTIMIZATION_LEVEL = 0;
				GCC_PREPROCESSOR_DEFINITIONS = (
					"DEBUG=1",
					"$(inherited)",
				);
				GCC_WARN_64_TO_32_BIT_CONVERSION = YES;
				GCC_WARN_ABOUT_RETURN_TYPE = YES_ERROR;
				GCC_WARN_UNDECLARED_SELECTOR = YES;
				GCC_WARN_UNINITIALIZED_AUTOS = YES_AGGRESSIVE;
				GCC_WARN_UNUSED_FUNCTION = YES;
				GCC_WARN_UNUSED_VARIABLE = YES;
				IPHONEOS_DEPLOYMENT_TARGET = 10.2;
				MTL_ENABLE_DEBUG_INFO = YES;
				ONLY_ACTIVE_ARCH = YES;
				SDKROOT = iphoneos;
				SWIFT_ACTIVE_COMPILATION_CONDITIONS = DEBUG;
				SWIFT_OPTIMIZATION_LEVEL = "-Onone";
			};
			name = Debug;
		};
		F030C8191E724DC1008C85C1 /* Release */ = {
			isa = XCBuildConfiguration;
			buildSettings = {
				ALWAYS_SEARCH_USER_PATHS = NO;
				CLANG_ANALYZER_NONNULL = YES;
				CLANG_CXX_LANGUAGE_STANDARD = "gnu++0x";
				CLANG_CXX_LIBRARY = "libc++";
				CLANG_ENABLE_MODULES = YES;
				CLANG_ENABLE_OBJC_ARC = YES;
				CLANG_WARN_BOOL_CONVERSION = YES;
				CLANG_WARN_CONSTANT_CONVERSION = YES;
				CLANG_WARN_DIRECT_OBJC_ISA_USAGE = YES_ERROR;
				CLANG_WARN_DOCUMENTATION_COMMENTS = YES;
				CLANG_WARN_EMPTY_BODY = YES;
				CLANG_WARN_ENUM_CONVERSION = YES;
				CLANG_WARN_INFINITE_RECURSION = YES;
				CLANG_WARN_INT_CONVERSION = YES;
				CLANG_WARN_OBJC_ROOT_CLASS = YES_ERROR;
				CLANG_WARN_SUSPICIOUS_MOVE = YES;
				CLANG_WARN_UNREACHABLE_CODE = YES;
				CLANG_WARN__DUPLICATE_METHOD_MATCH = YES;
				"CODE_SIGN_IDENTITY[sdk=iphoneos*]" = "iPhone Developer";
				COPY_PHASE_STRIP = NO;
				DEBUG_INFORMATION_FORMAT = "dwarf-with-dsym";
				ENABLE_NS_ASSERTIONS = NO;
				ENABLE_STRICT_OBJC_MSGSEND = YES;
				GCC_C_LANGUAGE_STANDARD = gnu99;
				GCC_NO_COMMON_BLOCKS = YES;
				GCC_WARN_64_TO_32_BIT_CONVERSION = YES;
				GCC_WARN_ABOUT_RETURN_TYPE = YES_ERROR;
				GCC_WARN_UNDECLARED_SELECTOR = YES;
				GCC_WARN_UNINITIALIZED_AUTOS = YES_AGGRESSIVE;
				GCC_WARN_UNUSED_FUNCTION = YES;
				GCC_WARN_UNUSED_VARIABLE = YES;
				IPHONEOS_DEPLOYMENT_TARGET = 10.2;
				MTL_ENABLE_DEBUG_INFO = NO;
				SDKROOT = iphoneos;
				SWIFT_OPTIMIZATION_LEVEL = "-Owholemodule";
				VALIDATE_PRODUCT = YES;
			};
			name = Release;
		};
		F030C81B1E724DC1008C85C1 /* Debug */ = {
			isa = XCBuildConfiguration;
			buildSettings = {
				ASSETCATALOG_COMPILER_APPICON_NAME = AppIcon;
				DEVELOPMENT_TEAM = 2P34PPMK7A;
				INFOPLIST_FILE = ChatWithFirebaseDemo/Info.plist;
				LD_RUNPATH_SEARCH_PATHS = "$(inherited) @executable_path/Frameworks";
				PRODUCT_BUNDLE_IDENTIFIER = KR.FameSprinter.ChatWithFirebaseDemo;
				PRODUCT_NAME = "$(TARGET_NAME)";
				SWIFT_VERSION = 3.0;
			};
			name = Debug;
		};
		F030C81C1E724DC1008C85C1 /* Release */ = {
			isa = XCBuildConfiguration;
			buildSettings = {
				ASSETCATALOG_COMPILER_APPICON_NAME = AppIcon;
				DEVELOPMENT_TEAM = 2P34PPMK7A;
				INFOPLIST_FILE = ChatWithFirebaseDemo/Info.plist;
				LD_RUNPATH_SEARCH_PATHS = "$(inherited) @executable_path/Frameworks";
				PRODUCT_BUNDLE_IDENTIFIER = KR.FameSprinter.ChatWithFirebaseDemo;
				PRODUCT_NAME = "$(TARGET_NAME)";
				SWIFT_VERSION = 3.0;
			};
			name = Release;
		};
/* End XCBuildConfiguration section */

/* Begin XCConfigurationList section */
		F030C8031E724DC0008C85C1 /* Build configuration list for PBXProject "ChatWithFirebaseDemo" */ = {
			isa = XCConfigurationList;
			buildConfigurations = (
				F030C8181E724DC1008C85C1 /* Debug */,
				F030C8191E724DC1008C85C1 /* Release */,
			);
			defaultConfigurationIsVisible = 0;
			defaultConfigurationName = Release;
		};
		F030C81A1E724DC1008C85C1 /* Build configuration list for PBXNativeTarget "ChatWithFirebaseDemo" */ = {
			isa = XCConfigurationList;
			buildConfigurations = (
				F030C81B1E724DC1008C85C1 /* Debug */,
				F030C81C1E724DC1008C85C1 /* Release */,
			);
			defaultConfigurationIsVisible = 0;
		};
/* End XCConfigurationList section */
	};
	rootObject = F030C8001E724DC0008C85C1 /* Project object */;
}
